
Microsoft Visual Studio Solution File, Format Version 12.00
# Visual Studio 15
VisualStudioVersion = 15.0.28010.2026
MinimumVisualStudioVersion = 10.0.40219.1
Project("{FAE04EC0-301F-11D3-BF4B-00C04F79EFBC}") = "Tinode.ChatBot.DemoNet46", "Tinode.ChatBot.DemoNet46\Tinode.ChatBot.DemoNet46.csproj", "{B40386E3-EE17-4709-B6FD-0202C8B6983B}"
EndProject
Project("{9A19103F-16F7-4668-BE54-9A1E7A4F7556}") = "Tinode.ChatBot", "Tinode.ChatBot\Tinode.ChatBot.csproj", "{7ED0D9CF-EF11-4BE2-A7CA-AD8395F2A254}"
EndProject
Project("{FAE04EC0-301F-11D3-BF4B-00C04F79EFBC}") = "Tinode.ChatBot.DemoNetCore", "Tinode.ChatBot.DemoNetCore\Tinode.ChatBot.DemoNetCore.csproj", "{C4CA23ED-33AA-4B91-A6D2-C5C3C30D76B7}"
EndProject
Global
	GlobalSection(SolutionConfigurationPlatforms) = preSolution
		Debug|Any CPU = Debug|Any CPU
		Release|Any CPU = Release|Any CPU
	EndGlobalSection
	GlobalSection(ProjectConfigurationPlatforms) = postSolution
		{B40386E3-EE17-4709-B6FD-0202C8B6983B}.Debug|Any CPU.ActiveCfg = Debug|Any CPU
		{B40386E3-EE17-4709-B6FD-0202C8B6983B}.Debug|Any CPU.Build.0 = Debug|Any CPU
		{B40386E3-EE17-4709-B6FD-0202C8B6983B}.Release|Any CPU.ActiveCfg = Release|Any CPU
		{B40386E3-EE17-4709-B6FD-0202C8B6983B}.Release|Any CPU.Build.0 = Release|Any CPU
		{7ED0D9CF-EF11-4BE2-A7CA-AD8395F2A254}.Debug|Any CPU.ActiveCfg = Debug|Any CPU
		{7ED0D9CF-EF11-4BE2-A7CA-AD8395F2A254}.Debug|Any CPU.Build.0 = Debug|Any CPU
		{7ED0D9CF-EF11-4BE2-A7CA-AD8395F2A254}.Release|Any CPU.ActiveCfg = Release|Any CPU
		{7ED0D9CF-EF11-4BE2-A7CA-AD8395F2A254}.Release|Any CPU.Build.0 = Release|Any CPU
		{C4CA23ED-33AA-4B91-A6D2-C5C3C30D76B7}.Debug|Any CPU.ActiveCfg = Debug|Any CPU
		{C4CA23ED-33AA-4B91-A6D2-C5C3C30D76B7}.Debug|Any CPU.Build.0 = Debug|Any CPU
		{C4CA23ED-33AA-4B91-A6D2-C5C3C30D76B7}.Release|Any CPU.ActiveCfg = Release|Any CPU
		{C4CA23ED-33AA-4B91-A6D2-C5C3C30D76B7}.Release|Any CPU.Build.0 = Release|Any CPU
	EndGlobalSection
	GlobalSection(SolutionProperties) = preSolution
		HideSolutionNode = FALSE
	EndGlobalSection
	GlobalSection(ExtensibilityGlobals) = postSolution
		SolutionGuid = {5F6495E4-8961-4CE7-A296-89A69C6EF600}
	EndGlobalSection
EndGlobal
